// !$*UTF8*$!
{
	archiveVersion = 1;
	classes = {
	};
	objectVersion = 56;
	objects = {

/* Begin PBXBuildFile section */
		DC487D0C2C1AE4DA006B7AAF /* AppDelegate.swift in Sources */ = {isa = PBXBuildFile; fileRef = DC487D0B2C1AE4DA006B7AAF /* AppDelegate.swift */; };
		DC487D0E2C1AE4DA006B7AAF /* SceneDelegate.swift in Sources */ = {isa = PBXBuildFile; fileRef = DC487D0D2C1AE4DA006B7AAF /* SceneDelegate.swift */; };
		DC487D102C1AE4DA006B7AAF /* ViewController.swift in Sources */ = {isa = PBXBuildFile; fileRef = DC487D0F2C1AE4DA006B7AAF /* ViewController.swift */; };
		DC487D132C1AE4DA006B7AAF /* Base in Resources */ = {isa = PBXBuildFile; fileRef = DC487D122C1AE4DA006B7AAF /* Base */; };
		DC487D152C1AE4DC006B7AAF /* Assets.xcassets in Resources */ = {isa = PBXBuildFile; fileRef = DC487D142C1AE4DC006B7AAF /* Assets.xcassets */; };
		DC487D182C1AE4DC006B7AAF /* Base in Resources */ = {isa = PBXBuildFile; fileRef = DC487D172C1AE4DC006B7AAF /* Base */; };
		DC487D292C1AE767006B7AAF /* OnBoardingViewController.swift in Sources */ = {isa = PBXBuildFile; fileRef = DC487D282C1AE767006B7AAF /* OnBoardingViewController.swift */; };
		DC487D2B2C1AEE2C006B7AAF /* ProfileSettingViewController.swift in Sources */ = {isa = PBXBuildFile; fileRef = DC487D2A2C1AEE2C006B7AAF /* ProfileSettingViewController.swift */; };
		DC487D2D2C1BF149006B7AAF /* ProfileSelectingViewController.swift in Sources */ = {isa = PBXBuildFile; fileRef = DC487D2C2C1BF149006B7AAF /* ProfileSelectingViewController.swift */; };
		DC487D2F2C1C0700006B7AAF /* ReusableProtocol.swift in Sources */ = {isa = PBXBuildFile; fileRef = DC487D2E2C1C06FF006B7AAF /* ReusableProtocol.swift */; };
		DC487D312C1C07B6006B7AAF /* ProfileSelectingCollectionViewCell.swift in Sources */ = {isa = PBXBuildFile; fileRef = DC487D302C1C07B6006B7AAF /* ProfileSelectingCollectionViewCell.swift */; };
		DC487D332C1C2265006B7AAF /* Struct.swift in Sources */ = {isa = PBXBuildFile; fileRef = DC487D322C1C2265006B7AAF /* Struct.swift */; };
		DC487D352C1C25BC006B7AAF /* MainSearchViewController.swift in Sources */ = {isa = PBXBuildFile; fileRef = DC487D342C1C25BC006B7AAF /* MainSearchViewController.swift */; };
		DC487D372C1C29B8006B7AAF /* TabBarController.swift in Sources */ = {isa = PBXBuildFile; fileRef = DC487D362C1C29B8006B7AAF /* TabBarController.swift */; };
		DC487D392C1C2A2C006B7AAF /* MainSettingViewController.swift in Sources */ = {isa = PBXBuildFile; fileRef = DC487D382C1C2A2C006B7AAF /* MainSettingViewController.swift */; };
		DC487D3B2C1C2CA9006B7AAF /* SearchResultViewController.swift in Sources */ = {isa = PBXBuildFile; fileRef = DC487D3A2C1C2CA9006B7AAF /* SearchResultViewController.swift */; };
		DC487D3D2C1C39FB006B7AAF /* SearchResultCollectionViewCell.swift in Sources */ = {isa = PBXBuildFile; fileRef = DC487D3C2C1C39FB006B7AAF /* SearchResultCollectionViewCell.swift */; };
		DC487D412C1D3E4F006B7AAF /* SettingProfileTableViewCell.swift in Sources */ = {isa = PBXBuildFile; fileRef = DC487D402C1D3E4F006B7AAF /* SettingProfileTableViewCell.swift */; };
		DC487D432C1D3E61006B7AAF /* SettingOtherTableViewCell.swift in Sources */ = {isa = PBXBuildFile; fileRef = DC487D422C1D3E61006B7AAF /* SettingOtherTableViewCell.swift */; };
		DC487D452C1D6E10006B7AAF /* MainSearchTableViewCell.swift in Sources */ = {isa = PBXBuildFile; fileRef = DC487D442C1D6E10006B7AAF /* MainSearchTableViewCell.swift */; };
		DC487D472C1DBE5D006B7AAF /* SearchWebViewController.swift in Sources */ = {isa = PBXBuildFile; fileRef = DC487D462C1DBE5D006B7AAF /* SearchWebViewController.swift */; };
		DCA841BF2C1FFAF100B21AF2 /* Kingfisher in Frameworks */ = {isa = PBXBuildFile; productRef = DCA841BE2C1FFAF100B21AF2 /* Kingfisher */; };
		DCA841C22C1FFAFB00B21AF2 /* SnapKit in Frameworks */ = {isa = PBXBuildFile; productRef = DCA841C12C1FFAFB00B21AF2 /* SnapKit */; };
		DCA841C52C1FFB0600B21AF2 /* Alamofire in Frameworks */ = {isa = PBXBuildFile; productRef = DCA841C42C1FFB0600B21AF2 /* Alamofire */; };
		DCA841CB2C201DDE00B21AF2 /* APIkey.swift in Sources */ = {isa = PBXBuildFile; fileRef = DCA841CA2C201DDE00B21AF2 /* APIkey.swift */; };
		DCA841CD2C201E3900B21AF2 /* .gitignore in Resources */ = {isa = PBXBuildFile; fileRef = DCA841CC2C201E3900B21AF2 /* .gitignore */; };
/* End PBXBuildFile section */

/* Begin PBXFileReference section */
		DC487D082C1AE4DA006B7AAF /* Shopping Application.app */ = {isa = PBXFileReference; explicitFileType = wrapper.application; includeInIndex = 0; path = "Shopping Application.app"; sourceTree = BUILT_PRODUCTS_DIR; };
		DC487D0B2C1AE4DA006B7AAF /* AppDelegate.swift */ = {isa = PBXFileReference; lastKnownFileType = sourcecode.swift; path = AppDelegate.swift; sourceTree = "<group>"; };
		DC487D0D2C1AE4DA006B7AAF /* SceneDelegate.swift */ = {isa = PBXFileReference; lastKnownFileType = sourcecode.swift; path = SceneDelegate.swift; sourceTree = "<group>"; };
		DC487D0F2C1AE4DA006B7AAF /* ViewController.swift */ = {isa = PBXFileReference; lastKnownFileType = sourcecode.swift; path = ViewController.swift; sourceTree = "<group>"; };
		DC487D122C1AE4DA006B7AAF /* Base */ = {isa = PBXFileReference; lastKnownFileType = file.storyboard; name = Base; path = Base.lproj/Main.storyboard; sourceTree = "<group>"; };
		DC487D142C1AE4DC006B7AAF /* Assets.xcassets */ = {isa = PBXFileReference; lastKnownFileType = folder.assetcatalog; path = Assets.xcassets; sourceTree = "<group>"; };
		DC487D172C1AE4DC006B7AAF /* Base */ = {isa = PBXFileReference; lastKnownFileType = file.storyboard; name = Base; path = Base.lproj/LaunchScreen.storyboard; sourceTree = "<group>"; };
		DC487D192C1AE4DC006B7AAF /* Info.plist */ = {isa = PBXFileReference; lastKnownFileType = text.plist.xml; path = Info.plist; sourceTree = "<group>"; };
		DC487D282C1AE767006B7AAF /* OnBoardingViewController.swift */ = {isa = PBXFileReference; lastKnownFileType = sourcecode.swift; path = OnBoardingViewController.swift; sourceTree = "<group>"; };
		DC487D2A2C1AEE2C006B7AAF /* ProfileSettingViewController.swift */ = {isa = PBXFileReference; lastKnownFileType = sourcecode.swift; path = ProfileSettingViewController.swift; sourceTree = "<group>"; };
		DC487D2C2C1BF149006B7AAF /* ProfileSelectingViewController.swift */ = {isa = PBXFileReference; lastKnownFileType = sourcecode.swift; path = ProfileSelectingViewController.swift; sourceTree = "<group>"; };
		DC487D2E2C1C06FF006B7AAF /* ReusableProtocol.swift */ = {isa = PBXFileReference; lastKnownFileType = sourcecode.swift; path = ReusableProtocol.swift; sourceTree = "<group>"; };
		DC487D302C1C07B6006B7AAF /* ProfileSelectingCollectionViewCell.swift */ = {isa = PBXFileReference; lastKnownFileType = sourcecode.swift; path = ProfileSelectingCollectionViewCell.swift; sourceTree = "<group>"; };
		DC487D322C1C2265006B7AAF /* Struct.swift */ = {isa = PBXFileReference; lastKnownFileType = sourcecode.swift; path = Struct.swift; sourceTree = "<group>"; };
		DC487D342C1C25BC006B7AAF /* MainSearchViewController.swift */ = {isa = PBXFileReference; lastKnownFileType = sourcecode.swift; path = MainSearchViewController.swift; sourceTree = "<group>"; };
		DC487D362C1C29B8006B7AAF /* TabBarController.swift */ = {isa = PBXFileReference; lastKnownFileType = sourcecode.swift; path = TabBarController.swift; sourceTree = "<group>"; };
		DC487D382C1C2A2C006B7AAF /* MainSettingViewController.swift */ = {isa = PBXFileReference; lastKnownFileType = sourcecode.swift; path = MainSettingViewController.swift; sourceTree = "<group>"; };
		DC487D3A2C1C2CA9006B7AAF /* SearchResultViewController.swift */ = {isa = PBXFileReference; lastKnownFileType = sourcecode.swift; path = SearchResultViewController.swift; sourceTree = "<group>"; };
		DC487D3C2C1C39FB006B7AAF /* SearchResultCollectionViewCell.swift */ = {isa = PBXFileReference; lastKnownFileType = sourcecode.swift; path = SearchResultCollectionViewCell.swift; sourceTree = "<group>"; };
		DC487D402C1D3E4F006B7AAF /* SettingProfileTableViewCell.swift */ = {isa = PBXFileReference; lastKnownFileType = sourcecode.swift; path = SettingProfileTableViewCell.swift; sourceTree = "<group>"; };
		DC487D422C1D3E61006B7AAF /* SettingOtherTableViewCell.swift */ = {isa = PBXFileReference; lastKnownFileType = sourcecode.swift; path = SettingOtherTableViewCell.swift; sourceTree = "<group>"; };
		DC487D442C1D6E10006B7AAF /* MainSearchTableViewCell.swift */ = {isa = PBXFileReference; lastKnownFileType = sourcecode.swift; path = MainSearchTableViewCell.swift; sourceTree = "<group>"; };
		DC487D462C1DBE5D006B7AAF /* SearchWebViewController.swift */ = {isa = PBXFileReference; lastKnownFileType = sourcecode.swift; path = SearchWebViewController.swift; sourceTree = "<group>"; };
		DCA841CA2C201DDE00B21AF2 /* APIkey.swift */ = {isa = PBXFileReference; lastKnownFileType = sourcecode.swift; path = APIkey.swift; sourceTree = "<group>"; };
		DCA841CC2C201E3900B21AF2 /* .gitignore */ = {isa = PBXFileReference; lastKnownFileType = text; path = .gitignore; sourceTree = "<group>"; };
/* End PBXFileReference section */

/* Begin PBXFrameworksBuildPhase section */
		DC487D052C1AE4DA006B7AAF /* Frameworks */ = {
			isa = PBXFrameworksBuildPhase;
			buildActionMask = 2147483647;
			files = (
				DCA841C52C1FFB0600B21AF2 /* Alamofire in Frameworks */,
				DCA841BF2C1FFAF100B21AF2 /* Kingfisher in Frameworks */,
				DCA841C22C1FFAFB00B21AF2 /* SnapKit in Frameworks */,
			);
			runOnlyForDeploymentPostprocessing = 0;
		};
/* End PBXFrameworksBuildPhase section */

/* Begin PBXGroup section */
		DC487CFF2C1AE4DA006B7AAF = {
			isa = PBXGroup;
			children = (
				DC487D0A2C1AE4DA006B7AAF /* Shopping Application */,
				DC487D092C1AE4DA006B7AAF /* Products */,
			);
			sourceTree = "<group>";
		};
		DC487D092C1AE4DA006B7AAF /* Products */ = {
			isa = PBXGroup;
			children = (
				DC487D082C1AE4DA006B7AAF /* Shopping Application.app */,
			);
			name = Products;
			sourceTree = "<group>";
		};
		DC487D0A2C1AE4DA006B7AAF /* Shopping Application */ = {
			isa = PBXGroup;
			children = (
				DC487D0B2C1AE4DA006B7AAF /* AppDelegate.swift */,
				DC487D0D2C1AE4DA006B7AAF /* SceneDelegate.swift */,
				DC487D0F2C1AE4DA006B7AAF /* ViewController.swift */,
				DC487D112C1AE4DA006B7AAF /* Main.storyboard */,
				DC487D142C1AE4DC006B7AAF /* Assets.xcassets */,
				DC487D162C1AE4DC006B7AAF /* LaunchScreen.storyboard */,
				DC487D192C1AE4DC006B7AAF /* Info.plist */,
				DCA841C92C201D4C00B21AF2 /* stuff */,
				DC487D282C1AE767006B7AAF /* OnBoardingViewController.swift */,
				DCA841C72C20187700B21AF2 /* Profile */,
				DC487D362C1C29B8006B7AAF /* TabBarController.swift */,
				DCA841C82C20188D00B21AF2 /* Search */,
				DCA841C62C20185F00B21AF2 /* Setting */,
			);
			path = "Shopping Application";
			sourceTree = "<group>";
		};
		DCA841C62C20185F00B21AF2 /* Setting */ = {
			isa = PBXGroup;
			children = (
				DC487D382C1C2A2C006B7AAF /* MainSettingViewController.swift */,
				DC487D402C1D3E4F006B7AAF /* SettingProfileTableViewCell.swift */,
				DC487D422C1D3E61006B7AAF /* SettingOtherTableViewCell.swift */,
			);
			path = Setting;
			sourceTree = "<group>";
		};
		DCA841C72C20187700B21AF2 /* Profile */ = {
			isa = PBXGroup;
			children = (
				DC487D2A2C1AEE2C006B7AAF /* ProfileSettingViewController.swift */,
				DC487D2C2C1BF149006B7AAF /* ProfileSelectingViewController.swift */,
				DC487D302C1C07B6006B7AAF /* ProfileSelectingCollectionViewCell.swift */,
			);
			path = Profile;
			sourceTree = "<group>";
		};
		DCA841C82C20188D00B21AF2 /* Search */ = {
			isa = PBXGroup;
			children = (
				DC487D342C1C25BC006B7AAF /* MainSearchViewController.swift */,
				DC487D442C1D6E10006B7AAF /* MainSearchTableViewCell.swift */,
				DC487D3A2C1C2CA9006B7AAF /* SearchResultViewController.swift */,
				DC487D3C2C1C39FB006B7AAF /* SearchResultCollectionViewCell.swift */,
				DC487D462C1DBE5D006B7AAF /* SearchWebViewController.swift */,
			);
			path = Search;
			sourceTree = "<group>";
		};
		DCA841C92C201D4C00B21AF2 /* stuff */ = {
			isa = PBXGroup;
			children = (
				DCA841CA2C201DDE00B21AF2 /* APIkey.swift */,
				DC487D2E2C1C06FF006B7AAF /* ReusableProtocol.swift */,
				DC487D322C1C2265006B7AAF /* Struct.swift */,
				DCA841CC2C201E3900B21AF2 /* .gitignore */,
			);
			path = stuff;
			sourceTree = "<group>";
		};
/* End PBXGroup section */

/* Begin PBXNativeTarget section */
		DC487D072C1AE4DA006B7AAF /* Shopping Application */ = {
			isa = PBXNativeTarget;
			buildConfigurationList = DC487D1C2C1AE4DC006B7AAF /* Build configuration list for PBXNativeTarget "Shopping Application" */;
			buildPhases = (
				DC487D042C1AE4DA006B7AAF /* Sources */,
				DC487D052C1AE4DA006B7AAF /* Frameworks */,
				DC487D062C1AE4DA006B7AAF /* Resources */,
			);
			buildRules = (
			);
			dependencies = (
			);
			name = "Shopping Application";
			packageProductDependencies = (
				DCA841BE2C1FFAF100B21AF2 /* Kingfisher */,
				DCA841C12C1FFAFB00B21AF2 /* SnapKit */,
				DCA841C42C1FFB0600B21AF2 /* Alamofire */,
			);
			productName = "Shopping Application";
			productReference = DC487D082C1AE4DA006B7AAF /* Shopping Application.app */;
			productType = "com.apple.product-type.application";
		};
/* End PBXNativeTarget section */

/* Begin PBXProject section */
		DC487D002C1AE4DA006B7AAF /* Project object */ = {
			isa = PBXProject;
			attributes = {
				BuildIndependentTargetsInParallel = 1;
				LastSwiftUpdateCheck = 1540;
				LastUpgradeCheck = 1540;
				TargetAttributes = {
					DC487D072C1AE4DA006B7AAF = {
						CreatedOnToolsVersion = 15.4;
					};
				};
			};
			buildConfigurationList = DC487D032C1AE4DA006B7AAF /* Build configuration list for PBXProject "Shopping Application" */;
			compatibilityVersion = "Xcode 14.0";
			developmentRegion = en;
			hasScannedForEncodings = 0;
			knownRegions = (
				en,
				Base,
			);
			mainGroup = DC487CFF2C1AE4DA006B7AAF;
			packageReferences = (
				DCA841BD2C1FFAF100B21AF2 /* XCRemoteSwiftPackageReference "Kingfisher" */,
				DCA841C02C1FFAFB00B21AF2 /* XCRemoteSwiftPackageReference "SnapKit" */,
				DCA841C32C1FFB0600B21AF2 /* XCRemoteSwiftPackageReference "Alamofire" */,
			);
			productRefGroup = DC487D092C1AE4DA006B7AAF /* Products */;
			projectDirPath = "";
			projectRoot = "";
			targets = (
				DC487D072C1AE4DA006B7AAF /* Shopping Application */,
			);
		};
/* End PBXProject section */

/* Begin PBXResourcesBuildPhase section */
		DC487D062C1AE4DA006B7AAF /* Resources */ = {
			isa = PBXResourcesBuildPhase;
			buildActionMask = 2147483647;
			files = (
				DCA841CD2C201E3900B21AF2 /* .gitignore in Resources */,
				DC487D152C1AE4DC006B7AAF /* Assets.xcassets in Resources */,
				DC487D182C1AE4DC006B7AAF /* Base in Resources */,
				DC487D132C1AE4DA006B7AAF /* Base in Resources */,
			);
			runOnlyForDeploymentPostprocessing = 0;
		};
/* End PBXResourcesBuildPhase section */

/* Begin PBXSourcesBuildPhase section */
		DC487D042C1AE4DA006B7AAF /* Sources */ = {
			isa = PBXSourcesBuildPhase;
			buildActionMask = 2147483647;
			files = (
				DC487D102C1AE4DA006B7AAF /* ViewController.swift in Sources */,
				DC487D312C1C07B6006B7AAF /* ProfileSelectingCollectionViewCell.swift in Sources */,
				DC487D372C1C29B8006B7AAF /* TabBarController.swift in Sources */,
				DC487D2F2C1C0700006B7AAF /* ReusableProtocol.swift in Sources */,
				DC487D392C1C2A2C006B7AAF /* MainSettingViewController.swift in Sources */,
				DC487D332C1C2265006B7AAF /* Struct.swift in Sources */,
				DC487D0C2C1AE4DA006B7AAF /* AppDelegate.swift in Sources */,
				DC487D472C1DBE5D006B7AAF /* SearchWebViewController.swift in Sources */,
				DC487D2B2C1AEE2C006B7AAF /* ProfileSettingViewController.swift in Sources */,
				DC487D0E2C1AE4DA006B7AAF /* SceneDelegate.swift in Sources */,
				DCA841CB2C201DDE00B21AF2 /* APIkey.swift in Sources */,
				DC487D292C1AE767006B7AAF /* OnBoardingViewController.swift in Sources */,
				DC487D412C1D3E4F006B7AAF /* SettingProfileTableViewCell.swift in Sources */,
				DC487D2D2C1BF149006B7AAF /* ProfileSelectingViewController.swift in Sources */,
				DC487D3D2C1C39FB006B7AAF /* SearchResultCollectionViewCell.swift in Sources */,
				DC487D432C1D3E61006B7AAF /* SettingOtherTableViewCell.swift in Sources */,
				DC487D452C1D6E10006B7AAF /* MainSearchTableViewCell.swift in Sources */,
				DC487D3B2C1C2CA9006B7AAF /* SearchResultViewController.swift in Sources */,
				DC487D352C1C25BC006B7AAF /* MainSearchViewController.swift in Sources */,
			);
			runOnlyForDeploymentPostprocessing = 0;
		};
/* End PBXSourcesBuildPhase section */

/* Begin PBXVariantGroup section */
		DC487D112C1AE4DA006B7AAF /* Main.storyboard */ = {
			isa = PBXVariantGroup;
			children = (
				DC487D122C1AE4DA006B7AAF /* Base */,
			);
			name = Main.storyboard;
			sourceTree = "<group>";
		};
		DC487D162C1AE4DC006B7AAF /* LaunchScreen.storyboard */ = {
			isa = PBXVariantGroup;
			children = (
				DC487D172C1AE4DC006B7AAF /* Base */,
			);
			name = LaunchScreen.storyboard;
			sourceTree = "<group>";
		};
/* End PBXVariantGroup section */

/* Begin XCBuildConfiguration section */
		DC487D1A2C1AE4DC006B7AAF /* Debug */ = {
			isa = XCBuildConfiguration;
			buildSettings = {
				ALWAYS_SEARCH_USER_PATHS = NO;
				ASSETCATALOG_COMPILER_GENERATE_SWIFT_ASSET_SYMBOL_EXTENSIONS = YES;
				CLANG_ANALYZER_NONNULL = YES;
				CLANG_ANALYZER_NUMBER_OBJECT_CONVERSION = YES_AGGRESSIVE;
				CLANG_CXX_LANGUAGE_STANDARD = "gnu++20";
				CLANG_ENABLE_MODULES = YES;
				CLANG_ENABLE_OBJC_ARC = YES;
				CLANG_ENABLE_OBJC_WEAK = YES;
				CLANG_WARN_BLOCK_CAPTURE_AUTORELEASING = YES;
				CLANG_WARN_BOOL_CONVERSION = YES;
				CLANG_WARN_COMMA = YES;
				CLANG_WARN_CONSTANT_CONVERSION = YES;
				CLANG_WARN_DEPRECATED_OBJC_IMPLEMENTATIONS = YES;
				CLANG_WARN_DIRECT_OBJC_ISA_USAGE = YES_ERROR;
				CLANG_WARN_DOCUMENTATION_COMMENTS = YES;
				CLANG_WARN_EMPTY_BODY = YES;
				CLANG_WARN_ENUM_CONVERSION = YES;
				CLANG_WARN_INFINITE_RECURSION = YES;
				CLANG_WARN_INT_CONVERSION = YES;
				CLANG_WARN_NON_LITERAL_NULL_CONVERSION = YES;
				CLANG_WARN_OBJC_IMPLICIT_RETAIN_SELF = YES;
				CLANG_WARN_OBJC_LITERAL_CONVERSION = YES;
				CLANG_WARN_OBJC_ROOT_CLASS = YES_ERROR;
				CLANG_WARN_QUOTED_INCLUDE_IN_FRAMEWORK_HEADER = YES;
				CLANG_WARN_RANGE_LOOP_ANALYSIS = YES;
				CLANG_WARN_STRICT_PROTOTYPES = YES;
				CLANG_WARN_SUSPICIOUS_MOVE = YES;
				CLANG_WARN_UNGUARDED_AVAILABILITY = YES_AGGRESSIVE;
				CLANG_WARN_UNREACHABLE_CODE = YES;
				CLANG_WARN__DUPLICATE_METHOD_MATCH = YES;
				COPY_PHASE_STRIP = NO;
				DEBUG_INFORMATION_FORMAT = dwarf;
				ENABLE_STRICT_OBJC_MSGSEND = YES;
				ENABLE_TESTABILITY = YES;
				ENABLE_USER_SCRIPT_SANDBOXING = YES;
				GCC_C_LANGUAGE_STANDARD = gnu17;
				GCC_DYNAMIC_NO_PIC = NO;
				GCC_NO_COMMON_BLOCKS = YES;
				GCC_OPTIMIZATION_LEVEL = 0;
				GCC_PREPROCESSOR_DEFINITIONS = (
					"DEBUG=1",
					"$(inherited)",
				);
				GCC_WARN_64_TO_32_BIT_CONVERSION = YES;
				GCC_WARN_ABOUT_RETURN_TYPE = YES_ERROR;
				GCC_WARN_UNDECLARED_SELECTOR = YES;
				GCC_WARN_UNINITIALIZED_AUTOS = YES_AGGRESSIVE;
				GCC_WARN_UNUSED_FUNCTION = YES;
				GCC_WARN_UNUSED_VARIABLE = YES;
				IPHONEOS_DEPLOYMENT_TARGET = 17.5;
				LOCALIZATION_PREFERS_STRING_CATALOGS = YES;
				MTL_ENABLE_DEBUG_INFO = INCLUDE_SOURCE;
				MTL_FAST_MATH = YES;
				ONLY_ACTIVE_ARCH = YES;
				SDKROOT = iphoneos;
				SWIFT_ACTIVE_COMPILATION_CONDITIONS = "DEBUG $(inherited)";
				SWIFT_OPTIMIZATION_LEVEL = "-Onone";
			};
			name = Debug;
		};
		DC487D1B2C1AE4DC006B7AAF /* Release */ = {
			isa = XCBuildConfiguration;
			buildSettings = {
				ALWAYS_SEARCH_USER_PATHS = NO;
				ASSETCATALOG_COMPILER_GENERATE_SWIFT_ASSET_SYMBOL_EXTENSIONS = YES;
				CLANG_ANALYZER_NONNULL = YES;
				CLANG_ANALYZER_NUMBER_OBJECT_CONVERSION = YES_AGGRESSIVE;
				CLANG_CXX_LANGUAGE_STANDARD = "gnu++20";
				CLANG_ENABLE_MODULES = YES;
				CLANG_ENABLE_OBJC_ARC = YES;
				CLANG_ENABLE_OBJC_WEAK = YES;
				CLANG_WARN_BLOCK_CAPTURE_AUTORELEASING = YES;
				CLANG_WARN_BOOL_CONVERSION = YES;
				CLANG_WARN_COMMA = YES;
				CLANG_WARN_CONSTANT_CONVERSION = YES;
				CLANG_WARN_DEPRECATED_OBJC_IMPLEMENTATIONS = YES;
				CLANG_WARN_DIRECT_OBJC_ISA_USAGE = YES_ERROR;
				CLANG_WARN_DOCUMENTATION_COMMENTS = YES;
				CLANG_WARN_EMPTY_BODY = YES;
				CLANG_WARN_ENUM_CONVERSION = YES;
				CLANG_WARN_INFINITE_RECURSION = YES;
				CLANG_WARN_INT_CONVERSION = YES;
				CLANG_WARN_NON_LITERAL_NULL_CONVERSION = YES;
				CLANG_WARN_OBJC_IMPLICIT_RETAIN_SELF = YES;
				CLANG_WARN_OBJC_LITERAL_CONVERSION = YES;
				CLANG_WARN_OBJC_ROOT_CLASS = YES_ERROR;
				CLANG_WARN_QUOTED_INCLUDE_IN_FRAMEWORK_HEADER = YES;
				CLANG_WARN_RANGE_LOOP_ANALYSIS = YES;
				CLANG_WARN_STRICT_PROTOTYPES = YES;
				CLANG_WARN_SUSPICIOUS_MOVE = YES;
				CLANG_WARN_UNGUARDED_AVAILABILITY = YES_AGGRESSIVE;
				CLANG_WARN_UNREACHABLE_CODE = YES;
				CLANG_WARN__DUPLICATE_METHOD_MATCH = YES;
				COPY_PHASE_STRIP = NO;
				DEBUG_INFORMATION_FORMAT = "dwarf-with-dsym";
				ENABLE_NS_ASSERTIONS = NO;
				ENABLE_STRICT_OBJC_MSGSEND = YES;
				ENABLE_USER_SCRIPT_SANDBOXING = YES;
				GCC_C_LANGUAGE_STANDARD = gnu17;
				GCC_NO_COMMON_BLOCKS = YES;
				GCC_WARN_64_TO_32_BIT_CONVERSION = YES;
				GCC_WARN_ABOUT_RETURN_TYPE = YES_ERROR;
				GCC_WARN_UNDECLARED_SELECTOR = YES;
				GCC_WARN_UNINITIALIZED_AUTOS = YES_AGGRESSIVE;
				GCC_WARN_UNUSED_FUNCTION = YES;
				GCC_WARN_UNUSED_VARIABLE = YES;
				IPHONEOS_DEPLOYMENT_TARGET = 17.5;
				LOCALIZATION_PREFERS_STRING_CATALOGS = YES;
				MTL_ENABLE_DEBUG_INFO = NO;
				MTL_FAST_MATH = YES;
				SDKROOT = iphoneos;
				SWIFT_COMPILATION_MODE = wholemodule;
				VALIDATE_PRODUCT = YES;
			};
			name = Release;
		};
		DC487D1D2C1AE4DC006B7AAF /* Debug */ = {
			isa = XCBuildConfiguration;
			buildSettings = {
				ASSETCATALOG_COMPILER_APPICON_NAME = AppIcon;
				ASSETCATALOG_COMPILER_GLOBAL_ACCENT_COLOR_NAME = AccentColor;
				CODE_SIGN_STYLE = Automatic;
				CURRENT_PROJECT_VERSION = 1;
				DEVELOPMENT_TEAM = VC8Q8WBRQ3;
				GENERATE_INFOPLIST_FILE = YES;
				INFOPLIST_FILE = "Shopping Application/Info.plist";
				INFOPLIST_KEY_UIApplicationSupportsIndirectInputEvents = YES;
				INFOPLIST_KEY_UILaunchStoryboardName = LaunchScreen;
				INFOPLIST_KEY_UIMainStoryboardFile = Main;
				INFOPLIST_KEY_UISupportedInterfaceOrientations = UIInterfaceOrientationPortrait;
				IPHONEOS_DEPLOYMENT_TARGET = 15.0;
				LD_RUNPATH_SEARCH_PATHS = (
					"$(inherited)",
					"@executable_path/Frameworks",
				);
				MARKETING_VERSION = 1.0;
				PRODUCT_BUNDLE_IDENTIFIER = "srkimdev.Shopping-Application";
				PRODUCT_NAME = "$(TARGET_NAME)";
				SUPPORTED_PLATFORMS = "iphoneos iphonesimulator";
				SUPPORTS_MACCATALYST = NO;
				SUPPORTS_MAC_DESIGNED_FOR_IPHONE_IPAD = NO;
				SUPPORTS_XR_DESIGNED_FOR_IPHONE_IPAD = NO;
				SWIFT_EMIT_LOC_STRINGS = YES;
				SWIFT_VERSION = 5.0;
				TARGETED_DEVICE_FAMILY = 1;
			};
			name = Debug;
		};
		DC487D1E2C1AE4DC006B7AAF /* Release */ = {
			isa = XCBuildConfiguration;
			buildSettings = {
				ASSETCATALOG_COMPILER_APPICON_NAME = AppIcon;
				ASSETCATALOG_COMPILER_GLOBAL_ACCENT_COLOR_NAME = AccentColor;
				CODE_SIGN_STYLE = Automatic;
				CURRENT_PROJECT_VERSION = 1;
				DEVELOPMENT_TEAM = VC8Q8WBRQ3;
				GENERATE_INFOPLIST_FILE = YES;
				INFOPLIST_FILE = "Shopping Application/Info.plist";
				INFOPLIST_KEY_UIApplicationSupportsIndirectInputEvents = YES;
				INFOPLIST_KEY_UILaunchStoryboardName = LaunchScreen;
				INFOPLIST_KEY_UIMainStoryboardFile = Main;
				INFOPLIST_KEY_UISupportedInterfaceOrientations = UIInterfaceOrientationPortrait;
				IPHONEOS_DEPLOYMENT_TARGET = 15.0;
				LD_RUNPATH_SEARCH_PATHS = (
					"$(inherited)",
					"@executable_path/Frameworks",
				);
				MARKETING_VERSION = 1.0;
				PRODUCT_BUNDLE_IDENTIFIER = "srkimdev.Shopping-Application";
				PRODUCT_NAME = "$(TARGET_NAME)";
				SUPPORTED_PLATFORMS = "iphoneos iphonesimulator";
				SUPPORTS_MACCATALYST = NO;
				SUPPORTS_MAC_DESIGNED_FOR_IPHONE_IPAD = NO;
				SUPPORTS_XR_DESIGNED_FOR_IPHONE_IPAD = NO;
				SWIFT_EMIT_LOC_STRINGS = YES;
				SWIFT_VERSION = 5.0;
				TARGETED_DEVICE_FAMILY = 1;
			};
			name = Release;
		};
/* End XCBuildConfiguration section */

/* Begin XCConfigurationList section */
		DC487D032C1AE4DA006B7AAF /* Build configuration list for PBXProject "Shopping Application" */ = {
			isa = XCConfigurationList;
			buildConfigurations = (
				DC487D1A2C1AE4DC006B7AAF /* Debug */,
				DC487D1B2C1AE4DC006B7AAF /* Release */,
			);
			defaultConfigurationIsVisible = 0;
			defaultConfigurationName = Release;
		};
		DC487D1C2C1AE4DC006B7AAF /* Build configuration list for PBXNativeTarget "Shopping Application" */ = {
			isa = XCConfigurationList;
			buildConfigurations = (
				DC487D1D2C1AE4DC006B7AAF /* Debug */,
				DC487D1E2C1AE4DC006B7AAF /* Release */,
			);
			defaultConfigurationIsVisible = 0;
			defaultConfigurationName = Release;
		};
/* End XCConfigurationList section */

/* Begin XCRemoteSwiftPackageReference section */
		DCA841BD2C1FFAF100B21AF2 /* XCRemoteSwiftPackageReference "Kingfisher" */ = {
			isa = XCRemoteSwiftPackageReference;
			repositoryURL = "https://github.com/onevcat/Kingfisher.git";
			requirement = {
				kind = upToNextMajorVersion;
				minimumVersion = 7.12.0;
			};
		};
		DCA841C02C1FFAFB00B21AF2 /* XCRemoteSwiftPackageReference "SnapKit" */ = {
			isa = XCRemoteSwiftPackageReference;
			repositoryURL = "https://github.com/SnapKit/SnapKit.git";
			requirement = {
				kind = upToNextMajorVersion;
				minimumVersion = 5.7.1;
			};
		};
		DCA841C32C1FFB0600B21AF2 /* XCRemoteSwiftPackageReference "Alamofire" */ = {
			isa = XCRemoteSwiftPackageReference;
			repositoryURL = "https://github.com/Alamofire/Alamofire.git";
			requirement = {
				kind = upToNextMajorVersion;
				minimumVersion = 5.9.1;
			};
		};
/* End XCRemoteSwiftPackageReference section */

/* Begin XCSwiftPackageProductDependency section */
		DCA841BE2C1FFAF100B21AF2 /* Kingfisher */ = {
			isa = XCSwiftPackageProductDependency;
			package = DCA841BD2C1FFAF100B21AF2 /* XCRemoteSwiftPackageReference "Kingfisher" */;
			productName = Kingfisher;
		};
		DCA841C12C1FFAFB00B21AF2 /* SnapKit */ = {
			isa = XCSwiftPackageProductDependency;
			package = DCA841C02C1FFAFB00B21AF2 /* XCRemoteSwiftPackageReference "SnapKit" */;
			productName = SnapKit;
		};
		DCA841C42C1FFB0600B21AF2 /* Alamofire */ = {
			isa = XCSwiftPackageProductDependency;
			package = DCA841C32C1FFB0600B21AF2 /* XCRemoteSwiftPackageReference "Alamofire" */;
			productName = Alamofire;
		};
/* End XCSwiftPackageProductDependency section */
	};
	rootObject = DC487D002C1AE4DA006B7AAF /* Project object */;
}
